<?xml version="1.0" encoding="UTF-8" standalone="yes" ?>
<CodeBlocks_project_file>
	<FileVersion major="1" minor="6" />
	<Project>
		<Option title="SDL" />
		<Option pch_mode="2" />
		<Option compiler="gcc" />
		<Build>
			<Target title="Debug">
				<Option output="bin/Debug/SDL" prefix_auto="1" extension_auto="1" />
				<Option object_output="obj/Debug/" />
				<Option type="1" />
				<Option compiler="gcc" />
				<Compiler>
					<Add option="-g" />
				</Compiler>
			</Target>
			<Target title="Release">
				<Option output="bin/Release/SDL" prefix_auto="1" extension_auto="1" />
				<Option object_output="obj/Release/" />
				<Option type="1" />
				<Option compiler="gcc" />
				<Compiler>
					<Add option="-O2" />
				</Compiler>
				<Linker>
					<Add option="-s" />
				</Linker>
			</Target>
		</Build>
		<Compiler>
			<Add option="-Wall" />
		</Compiler>
		<Unit filename="DrawingBoard.cpp" />
		<Unit filename="G:/YouthLanguage/basis/SDL/color_wheel.h" />
		<Unit filename="G:/YouthLanguage/basis/SDL/colorspace.h" />
		<Unit filename="G:/YouthLanguage/basis/SDL/contrast_blocks.h" />
		<Unit filename="G:/YouthLanguage/basis/SDL/diffusion.h" />
		<Unit filename="G:/YouthLanguage/basis/SDL/drunkard_walk.h" />
		<Unit filename="G:/YouthLanguage/basis/SDL/fixnum.h" />
		<Unit filename="G:/YouthLanguage/basis/SDL/flonum.h" />
		<Unit filename="G:/YouthLanguage/basis/SDL/line.h" />
		<Unit filename="G:/YouthLanguage/basis/SDL/mathematics.h" />
		<Unit filename="G:/YouthLanguage/basis/SDL/rainbow.h" />
		<Unit filename="G:/YouthLanguage/basis/SDL/random.h" />
		<Unit filename="G:/YouthLanguage/basis/SDL/random_walk.h" />
		<Unit filename="G:/YouthLanguage/basis/SDL/rgb_blocks.h" />
		<Unit filename="G:/YouthLanguage/basis/SDL/self_avoid_walk.h" />
		<Unit filename="GamePlayer.cpp" />
		<Unit filename="color_wheel.cpp" />
		<Unit filename="color_wheel.hpp" />
		<Unit filename="colorspace.cpp" />
		<Unit filename="colorspace.hpp" />
		<Unit filename="contrast_blocks.cpp" />
		<Unit filename="contrast_blocks.hpp" />
		<Unit filename="diffusion.cpp" />
		<Unit filename="diffusion.hpp" />
		<Unit filename="drunkard_walk.cpp" />
		<Unit filename="drunkard_walk.hpp" />
		<Unit filename="fixnum.hpp" />
		<Unit filename="flonum.hpp" />
		<Unit filename="game.cpp" />
		<Unit filename="game.hpp" />
		<Unit filename="line.cpp" />
		<Unit filename="line.hpp" />
		<Unit filename="mathematics.cpp" />
		<Unit filename="mathematics.hpp" />
		<Unit filename="rainbow.cpp" />
		<Unit filename="rainbow.hpp" />
		<Unit filename="random.cpp" />
		<Unit filename="random.hpp" />
		<Unit filename="random_walk.cpp" />
		<Unit filename="random_walk.hpp" />
		<Unit filename="rgb_blocks.cpp" />
		<Unit filename="rgb_blocks.hpp" />
		<Unit filename="self_avoid_walk.cpp" />
		<Unit filename="self_avoid_walk.hpp" />
		<Unit filename="text.cpp" />
		<Unit filename="text.hpp" />
		<Extensions>
			<DoxyBlocks>
				<comment_style block="0" line="0" />
				<doxyfile_project output_language="" />
				<doxyfile_build />
				<doxyfile_warnings />
				<doxyfile_output />
				<doxyfile_dot />
				<general />
			</DoxyBlocks>
		</Extensions>
	</Project>
</CodeBlocks_project_file>
